// !$*UTF8*$!
{
	archiveVersion = 1;
	classes = {
	};
	objectVersion = 46;
	objects = {

/* Begin PBXBuildFile section */
		E76398F11B5A03CF0077F305 /* Alamofire.framework in Frameworks */ = {isa = PBXBuildFile; fileRef = E7967E3D1B59AAA1007A5A59 /* Alamofire.framework */; };
		E76398F21B5A03CF0077F305 /* Ono.framework in Frameworks */ = {isa = PBXBuildFile; fileRef = E7CDBE501B59F4FA00C10774 /* Ono.framework */; };
		E76398F31B5A03DA0077F305 /* libxml2.tbd in Frameworks */ = {isa = PBXBuildFile; fileRef = E7CDBE541B59F5C500C10774 /* libxml2.tbd */; };
		E76398F51B5A08C50077F305 /* Ono.framework in Resources */ = {isa = PBXBuildFile; fileRef = E7CDBE501B59F4FA00C10774 /* Ono.framework */; };
		E76398F61B5A08C50077F305 /* Alamofire.framework in Resources */ = {isa = PBXBuildFile; fileRef = E7967E3D1B59AAA1007A5A59 /* Alamofire.framework */; };
		E76398FE1B5B434D0077F305 /* HotFeedRequestTests.swift in Sources */ = {isa = PBXBuildFile; fileRef = E76398FD1B5B434D0077F305 /* HotFeedRequestTests.swift */; };
		E76399001B5B43D40077F305 /* NewFeedRequest.swift in Sources */ = {isa = PBXBuildFile; fileRef = E76398FF1B5B43D40077F305 /* NewFeedRequest.swift */; };
		E76399041B5B46460077F305 /* BaseFeedRequest.swift in Sources */ = {isa = PBXBuildFile; fileRef = E76399031B5B46460077F305 /* BaseFeedRequest.swift */; };
		E76399061B5B59D40077F305 /* NewFeedRequestTests.swift in Sources */ = {isa = PBXBuildFile; fileRef = E76399051B5B59D40077F305 /* NewFeedRequestTests.swift */; };
		E76399081B5B642F0077F305 /* TagFeedRequest.swift in Sources */ = {isa = PBXBuildFile; fileRef = E76399071B5B642F0077F305 /* TagFeedRequest.swift */; };
		E763990E1B5B6FAA0077F305 /* FeedCategory.swift in Sources */ = {isa = PBXBuildFile; fileRef = E763990D1B5B6FAA0077F305 /* FeedCategory.swift */; };
		E76399101B5B8D3E0077F305 /* TagFeedRequestTests.swift in Sources */ = {isa = PBXBuildFile; fileRef = E763990F1B5B8D3E0077F305 /* TagFeedRequestTests.swift */; };
		E76399191B5BA10A0077F305 /* Realm.framework in Frameworks */ = {isa = PBXBuildFile; fileRef = E76399171B5BA0E40077F305 /* Realm.framework */; };
		E763991B1B5BA10F0077F305 /* RealmSwift.framework in Frameworks */ = {isa = PBXBuildFile; fileRef = E763991A1B5BA10F0077F305 /* RealmSwift.framework */; };
		E763991D1B5BAD7D0077F305 /* FeedItemTests.swift in Sources */ = {isa = PBXBuildFile; fileRef = E763991C1B5BAD7D0077F305 /* FeedItemTests.swift */; };
		E763991F1B5BEE2B0077F305 /* Config.swift in Sources */ = {isa = PBXBuildFile; fileRef = E763991E1B5BEE2B0077F305 /* Config.swift */; };
		E76399231B5C7BAB0077F305 /* ConfigTests.swift in Sources */ = {isa = PBXBuildFile; fileRef = E76399221B5C7BAB0077F305 /* ConfigTests.swift */; };
		E76399251B5CB3BB0077F305 /* HatebuFeedFrameworkTests.swift in Sources */ = {isa = PBXBuildFile; fileRef = E76399241B5CB3BB0077F305 /* HatebuFeedFrameworkTests.swift */; };
		E7967E1F1B599F31007A5A59 /* HatebuFeed.h in Headers */ = {isa = PBXBuildFile; fileRef = E7967E1E1B599F31007A5A59 /* HatebuFeed.h */; settings = {ATTRIBUTES = (Public, ); }; };
		E7967E261B599F31007A5A59 /* HatebuFeed.framework in Frameworks */ = {isa = PBXBuildFile; fileRef = E7967E1B1B599F31007A5A59 /* HatebuFeed.framework */; };
		E7967E2B1B599F31007A5A59 /* HatebuFeedTests.swift in Sources */ = {isa = PBXBuildFile; fileRef = E7967E2A1B599F31007A5A59 /* HatebuFeedTests.swift */; };
		E7967E361B59A130007A5A59 /* HatebuFeed.swift in Sources */ = {isa = PBXBuildFile; fileRef = E7967E351B59A130007A5A59 /* HatebuFeed.swift */; };
		E7967E381B59A279007A5A59 /* HatebuFeed.h in CopyFiles */ = {isa = PBXBuildFile; fileRef = E7967E1E1B599F31007A5A59 /* HatebuFeed.h */; };
		E7967E3A1B59A32B007A5A59 /* HotFeedRequest.swift in Sources */ = {isa = PBXBuildFile; fileRef = E7967E391B59A32B007A5A59 /* HotFeedRequest.swift */; };
		E7967E3C1B59A8FD007A5A59 /* FeedItem.swift in Sources */ = {isa = PBXBuildFile; fileRef = E7967E3B1B59A8FD007A5A59 /* FeedItem.swift */; };
		E7967E3F1B59AAAE007A5A59 /* Alamofire.framework in Frameworks */ = {isa = PBXBuildFile; fileRef = E7967E3D1B59AAA1007A5A59 /* Alamofire.framework */; };
		E7CDBE511B59F4FA00C10774 /* Ono.framework in Frameworks */ = {isa = PBXBuildFile; fileRef = E7CDBE501B59F4FA00C10774 /* Ono.framework */; };
		E7CDBE561B5A039000C10774 /* libxml2.tbd in Frameworks */ = {isa = PBXBuildFile; fileRef = E7CDBE541B59F5C500C10774 /* libxml2.tbd */; };
/* End PBXBuildFile section */

/* Begin PBXContainerItemProxy section */
		E7967E271B599F31007A5A59 /* PBXContainerItemProxy */ = {
			isa = PBXContainerItemProxy;
			containerPortal = E7967E121B599F31007A5A59 /* Project object */;
			proxyType = 1;
			remoteGlobalIDString = E7967E1A1B599F31007A5A59;
			remoteInfo = HatebuFeed;
		};
/* End PBXContainerItemProxy section */

/* Begin PBXCopyFilesBuildPhase section */
		E7967E371B59A24D007A5A59 /* CopyFiles */ = {
			isa = PBXCopyFilesBuildPhase;
			buildActionMask = 2147483647;
			dstPath = "";
			dstSubfolderSpec = 7;
			files = (
				E7967E381B59A279007A5A59 /* HatebuFeed.h in CopyFiles */,
			);
			runOnlyForDeploymentPostprocessing = 0;
		};
/* End PBXCopyFilesBuildPhase section */

/* Begin PBXFileReference section */
		E76398FD1B5B434D0077F305 /* HotFeedRequestTests.swift */ = {isa = PBXFileReference; fileEncoding = 4; lastKnownFileType = sourcecode.swift; path = HotFeedRequestTests.swift; sourceTree = "<group>"; };
		E76398FF1B5B43D40077F305 /* NewFeedRequest.swift */ = {isa = PBXFileReference; fileEncoding = 4; lastKnownFileType = sourcecode.swift; path = NewFeedRequest.swift; sourceTree = "<group>"; };
		E76399031B5B46460077F305 /* BaseFeedRequest.swift */ = {isa = PBXFileReference; fileEncoding = 4; lastKnownFileType = sourcecode.swift; path = BaseFeedRequest.swift; sourceTree = "<group>"; };
		E76399051B5B59D40077F305 /* NewFeedRequestTests.swift */ = {isa = PBXFileReference; fileEncoding = 4; lastKnownFileType = sourcecode.swift; path = NewFeedRequestTests.swift; sourceTree = "<group>"; };
		E76399071B5B642F0077F305 /* TagFeedRequest.swift */ = {isa = PBXFileReference; fileEncoding = 4; lastKnownFileType = sourcecode.swift; path = TagFeedRequest.swift; sourceTree = "<group>"; };
		E763990D1B5B6FAA0077F305 /* FeedCategory.swift */ = {isa = PBXFileReference; fileEncoding = 4; lastKnownFileType = sourcecode.swift; path = FeedCategory.swift; sourceTree = "<group>"; };
		E763990F1B5B8D3E0077F305 /* TagFeedRequestTests.swift */ = {isa = PBXFileReference; fileEncoding = 4; lastKnownFileType = sourcecode.swift; path = TagFeedRequestTests.swift; sourceTree = "<group>"; };
		E76399171B5BA0E40077F305 /* Realm.framework */ = {isa = PBXFileReference; lastKnownFileType = file; name = Realm.framework; path = Carthage/Build/iOS/Realm.framework; sourceTree = "<group>"; };
		E763991A1B5BA10F0077F305 /* RealmSwift.framework */ = {isa = PBXFileReference; lastKnownFileType = wrapper.framework; name = RealmSwift.framework; path = Carthage/Build/iOS/RealmSwift.framework; sourceTree = "<group>"; };
		E763991C1B5BAD7D0077F305 /* FeedItemTests.swift */ = {isa = PBXFileReference; fileEncoding = 4; lastKnownFileType = sourcecode.swift; path = FeedItemTests.swift; sourceTree = "<group>"; };
		E763991E1B5BEE2B0077F305 /* Config.swift */ = {isa = PBXFileReference; fileEncoding = 4; lastKnownFileType = sourcecode.swift; path = Config.swift; sourceTree = "<group>"; };
		E76399221B5C7BAB0077F305 /* ConfigTests.swift */ = {isa = PBXFileReference; fileEncoding = 4; lastKnownFileType = sourcecode.swift; path = ConfigTests.swift; sourceTree = "<group>"; };
		E76399241B5CB3BB0077F305 /* HatebuFeedFrameworkTests.swift */ = {isa = PBXFileReference; fileEncoding = 4; lastKnownFileType = sourcecode.swift; path = HatebuFeedFrameworkTests.swift; sourceTree = "<group>"; };
		E7967E1B1B599F31007A5A59 /* HatebuFeed.framework */ = {isa = PBXFileReference; explicitFileType = wrapper.framework; includeInIndex = 0; path = HatebuFeed.framework; sourceTree = BUILT_PRODUCTS_DIR; };
		E7967E1E1B599F31007A5A59 /* HatebuFeed.h */ = {isa = PBXFileReference; lastKnownFileType = sourcecode.c.h; path = HatebuFeed.h; sourceTree = "<group>"; };
		E7967E201B599F31007A5A59 /* Info.plist */ = {isa = PBXFileReference; lastKnownFileType = text.plist.xml; path = Info.plist; sourceTree = "<group>"; };
		E7967E251B599F31007A5A59 /* HatebuFeedTests.xctest */ = {isa = PBXFileReference; explicitFileType = wrapper.cfbundle; includeInIndex = 0; path = HatebuFeedTests.xctest; sourceTree = BUILT_PRODUCTS_DIR; };
		E7967E2A1B599F31007A5A59 /* HatebuFeedTests.swift */ = {isa = PBXFileReference; lastKnownFileType = sourcecode.swift; path = HatebuFeedTests.swift; sourceTree = "<group>"; };
		E7967E2C1B599F31007A5A59 /* Info.plist */ = {isa = PBXFileReference; lastKnownFileType = text.plist.xml; path = Info.plist; sourceTree = "<group>"; };
		E7967E351B59A130007A5A59 /* HatebuFeed.swift */ = {isa = PBXFileReference; fileEncoding = 4; lastKnownFileType = sourcecode.swift; path = HatebuFeed.swift; sourceTree = "<group>"; };
		E7967E391B59A32B007A5A59 /* HotFeedRequest.swift */ = {isa = PBXFileReference; fileEncoding = 4; lastKnownFileType = sourcecode.swift; path = HotFeedRequest.swift; sourceTree = "<group>"; };
		E7967E3B1B59A8FD007A5A59 /* FeedItem.swift */ = {isa = PBXFileReference; fileEncoding = 4; lastKnownFileType = sourcecode.swift; path = FeedItem.swift; sourceTree = "<group>"; };
		E7967E3D1B59AAA1007A5A59 /* Alamofire.framework */ = {isa = PBXFileReference; lastKnownFileType = wrapper.framework; name = Alamofire.framework; path = Carthage/Build/iOS/Alamofire.framework; sourceTree = "<group>"; };
		E7CDBE501B59F4FA00C10774 /* Ono.framework */ = {isa = PBXFileReference; lastKnownFileType = wrapper.framework; name = Ono.framework; path = Carthage/Build/iOS/Ono.framework; sourceTree = "<group>"; };
		E7CDBE541B59F5C500C10774 /* libxml2.tbd */ = {isa = PBXFileReference; lastKnownFileType = "sourcecode.text-based-dylib-definition"; name = libxml2.tbd; path = usr/lib/libxml2.tbd; sourceTree = SDKROOT; };
/* End PBXFileReference section */

/* Begin PBXFrameworksBuildPhase section */
		E7967E171B599F31007A5A59 /* Frameworks */ = {
			isa = PBXFrameworksBuildPhase;
			buildActionMask = 2147483647;
			files = (
				E7967E3F1B59AAAE007A5A59 /* Alamofire.framework in Frameworks */,
				E7CDBE511B59F4FA00C10774 /* Ono.framework in Frameworks */,
				E76399191B5BA10A0077F305 /* Realm.framework in Frameworks */,
				E763991B1B5BA10F0077F305 /* RealmSwift.framework in Frameworks */,
				E7CDBE561B5A039000C10774 /* libxml2.tbd in Frameworks */,
			);
			runOnlyForDeploymentPostprocessing = 0;
		};
		E7967E221B599F31007A5A59 /* Frameworks */ = {
			isa = PBXFrameworksBuildPhase;
			buildActionMask = 2147483647;
			files = (
				E7967E261B599F31007A5A59 /* HatebuFeed.framework in Frameworks */,
				E76398F11B5A03CF0077F305 /* Alamofire.framework in Frameworks */,
				E76398F21B5A03CF0077F305 /* Ono.framework in Frameworks */,
				E76398F31B5A03DA0077F305 /* libxml2.tbd in Frameworks */,
			);
			runOnlyForDeploymentPostprocessing = 0;
		};
/* End PBXFrameworksBuildPhase section */

/* Begin PBXGroup section */
		E763990B1B5B6ED40077F305 /* requests */ = {
			isa = PBXGroup;
			children = (
				E7967E391B59A32B007A5A59 /* HotFeedRequest.swift */,
				E76398FF1B5B43D40077F305 /* NewFeedRequest.swift */,
				E76399071B5B642F0077F305 /* TagFeedRequest.swift */,
				E76399031B5B46460077F305 /* BaseFeedRequest.swift */,
			);
			name = requests;
			sourceTree = "<group>";
		};
		E763990C1B5B6EEA0077F305 /* model */ = {
			isa = PBXGroup;
			children = (
				E7967E3B1B59A8FD007A5A59 /* FeedItem.swift */,
				E763990D1B5B6FAA0077F305 /* FeedCategory.swift */,
			);
			name = model;
			sourceTree = "<group>";
		};
		E7967E111B599F31007A5A59 = {
			isa = PBXGroup;
			children = (
				E763991A1B5BA10F0077F305 /* RealmSwift.framework */,
				E76399171B5BA0E40077F305 /* Realm.framework */,
				E7CDBE541B59F5C500C10774 /* libxml2.tbd */,
				E7CDBE501B59F4FA00C10774 /* Ono.framework */,
				E7967E3D1B59AAA1007A5A59 /* Alamofire.framework */,
				E7967E1D1B599F31007A5A59 /* HatebuFeed */,
				E7967E291B599F31007A5A59 /* HatebuFeedTests */,
				E7967E1C1B599F31007A5A59 /* Products */,
			);
			sourceTree = "<group>";
		};
		E7967E1C1B599F31007A5A59 /* Products */ = {
			isa = PBXGroup;
			children = (
				E7967E1B1B599F31007A5A59 /* HatebuFeed.framework */,
				E7967E251B599F31007A5A59 /* HatebuFeedTests.xctest */,
			);
			name = Products;
			sourceTree = "<group>";
		};
		E7967E1D1B599F31007A5A59 /* HatebuFeed */ = {
			isa = PBXGroup;
			children = (
				E7967E1E1B599F31007A5A59 /* HatebuFeed.h */,
				E7967E351B59A130007A5A59 /* HatebuFeed.swift */,
				E763991E1B5BEE2B0077F305 /* Config.swift */,
				E763990B1B5B6ED40077F305 /* requests */,
				E763990C1B5B6EEA0077F305 /* model */,
				E7967E201B599F31007A5A59 /* Info.plist */,
			);
			path = HatebuFeed;
			sourceTree = "<group>";
		};
		E7967E291B599F31007A5A59 /* HatebuFeedTests */ = {
			isa = PBXGroup;
			children = (
				E7967E2A1B599F31007A5A59 /* HatebuFeedTests.swift */,
				E76399221B5C7BAB0077F305 /* ConfigTests.swift */,
				E76398FD1B5B434D0077F305 /* HotFeedRequestTests.swift */,
				E76399051B5B59D40077F305 /* NewFeedRequestTests.swift */,
				E763990F1B5B8D3E0077F305 /* TagFeedRequestTests.swift */,
				E763991C1B5BAD7D0077F305 /* FeedItemTests.swift */,
				E76399241B5CB3BB0077F305 /* HatebuFeedFrameworkTests.swift */,
				E7967E2C1B599F31007A5A59 /* Info.plist */,
			);
			path = HatebuFeedTests;
			sourceTree = "<group>";
		};
/* End PBXGroup section */

/* Begin PBXHeadersBuildPhase section */
		E7967E181B599F31007A5A59 /* Headers */ = {
			isa = PBXHeadersBuildPhase;
			buildActionMask = 2147483647;
			files = (
				E7967E1F1B599F31007A5A59 /* HatebuFeed.h in Headers */,
			);
			runOnlyForDeploymentPostprocessing = 0;
		};
/* End PBXHeadersBuildPhase section */

/* Begin PBXNativeTarget section */
		E7967E1A1B599F31007A5A59 /* HatebuFeed */ = {
			isa = PBXNativeTarget;
			buildConfigurationList = E7967E2F1B599F31007A5A59 /* Build configuration list for PBXNativeTarget "HatebuFeed" */;
			buildPhases = (
				E7967E161B599F31007A5A59 /* Sources */,
				E7967E171B599F31007A5A59 /* Frameworks */,
				E7967E181B599F31007A5A59 /* Headers */,
				E7967E191B599F31007A5A59 /* Resources */,
				E7967E401B59AB3B007A5A59 /* ShellScript */,
			);
			buildRules = (
			);
			dependencies = (
			);
			name = HatebuFeed;
			productName = HatebuFeed;
			productReference = E7967E1B1B599F31007A5A59 /* HatebuFeed.framework */;
			productType = "com.apple.product-type.framework";
		};
		E7967E241B599F31007A5A59 /* HatebuFeedTests */ = {
			isa = PBXNativeTarget;
			buildConfigurationList = E7967E321B599F31007A5A59 /* Build configuration list for PBXNativeTarget "HatebuFeedTests" */;
			buildPhases = (
				E7967E211B599F31007A5A59 /* Sources */,
				E7967E221B599F31007A5A59 /* Frameworks */,
				E7967E231B599F31007A5A59 /* Resources */,
				E7967E371B59A24D007A5A59 /* CopyFiles */,
				E7CDBE531B59F58700C10774 /* ShellScript */,
			);
			buildRules = (
			);
			dependencies = (
				E7967E281B599F31007A5A59 /* PBXTargetDependency */,
			);
			name = HatebuFeedTests;
			productName = HatebuFeedTests;
			productReference = E7967E251B599F31007A5A59 /* HatebuFeedTests.xctest */;
			productType = "com.apple.product-type.bundle.unit-test";
		};
/* End PBXNativeTarget section */

/* Begin PBXProject section */
		E7967E121B599F31007A5A59 /* Project object */ = {
			isa = PBXProject;
			attributes = {
				LastSwiftUpdateCheck = 0700;
				LastUpgradeCheck = 0700;
				ORGANIZATIONNAME = iapps.altab.jp;
				TargetAttributes = {
					E7967E1A1B599F31007A5A59 = {
						CreatedOnToolsVersion = 7.0;
					};
					E7967E241B599F31007A5A59 = {
						CreatedOnToolsVersion = 7.0;
					};
				};
			};
			buildConfigurationList = E7967E151B599F31007A5A59 /* Build configuration list for PBXProject "HatebuFeed" */;
			compatibilityVersion = "Xcode 3.2";
			developmentRegion = English;
			hasScannedForEncodings = 0;
			knownRegions = (
				en,
			);
			mainGroup = E7967E111B599F31007A5A59;
			productRefGroup = E7967E1C1B599F31007A5A59 /* Products */;
			projectDirPath = "";
			projectRoot = "";
			targets = (
				E7967E1A1B599F31007A5A59 /* HatebuFeed */,
				E7967E241B599F31007A5A59 /* HatebuFeedTests */,
			);
		};
/* End PBXProject section */

/* Begin PBXResourcesBuildPhase section */
		E7967E191B599F31007A5A59 /* Resources */ = {
			isa = PBXResourcesBuildPhase;
			buildActionMask = 2147483647;
			files = (
			);
			runOnlyForDeploymentPostprocessing = 0;
		};
		E7967E231B599F31007A5A59 /* Resources */ = {
			isa = PBXResourcesBuildPhase;
			buildActionMask = 2147483647;
			files = (
				E76398F51B5A08C50077F305 /* Ono.framework in Resources */,
				E76398F61B5A08C50077F305 /* Alamofire.framework in Resources */,
			);
			runOnlyForDeploymentPostprocessing = 0;
		};
/* End PBXResourcesBuildPhase section */

/* Begin PBXShellScriptBuildPhase section */
		E7967E401B59AB3B007A5A59 /* ShellScript */ = {
			isa = PBXShellScriptBuildPhase;
			buildActionMask = 2147483647;
			files = (
			);
			inputPaths = (
			);
			outputPaths = (
			);
			runOnlyForDeploymentPostprocessing = 0;
			shellPath = /bin/sh;
			shellScript = "/usr/local/bin/carthage copy-frameworks";
		};
		E7CDBE531B59F58700C10774 /* ShellScript */ = {
			isa = PBXShellScriptBuildPhase;
			buildActionMask = 2147483647;
			files = (
			);
			inputPaths = (
			);
			outputPaths = (
			);
			runOnlyForDeploymentPostprocessing = 0;
			shellPath = /bin/sh;
			shellScript = "/usr/local/bin/carthage copy-frameworks";
		};
/* End PBXShellScriptBuildPhase section */

/* Begin PBXSourcesBuildPhase section */
		E7967E161B599F31007A5A59 /* Sources */ = {
			isa = PBXSourcesBuildPhase;
			buildActionMask = 2147483647;
			files = (
				E763990E1B5B6FAA0077F305 /* FeedCategory.swift in Sources */,
				E76399081B5B642F0077F305 /* TagFeedRequest.swift in Sources */,
				E76399041B5B46460077F305 /* BaseFeedRequest.swift in Sources */,
				E7967E3C1B59A8FD007A5A59 /* FeedItem.swift in Sources */,
				E763991F1B5BEE2B0077F305 /* Config.swift in Sources */,
				E7967E361B59A130007A5A59 /* HatebuFeed.swift in Sources */,
				E7967E3A1B59A32B007A5A59 /* HotFeedRequest.swift in Sources */,
				E76399001B5B43D40077F305 /* NewFeedRequest.swift in Sources */,
			);
			runOnlyForDeploymentPostprocessing = 0;
		};
		E7967E211B599F31007A5A59 /* Sources */ = {
			isa = PBXSourcesBuildPhase;
			buildActionMask = 2147483647;
			files = (
				E76399101B5B8D3E0077F305 /* TagFeedRequestTests.swift in Sources */,
				E76399061B5B59D40077F305 /* NewFeedRequestTests.swift in Sources */,
				E763991D1B5BAD7D0077F305 /* FeedItemTests.swift in Sources */,
				E76399251B5CB3BB0077F305 /* HatebuFeedFrameworkTests.swift in Sources */,
				E7967E2B1B599F31007A5A59 /* HatebuFeedTests.swift in Sources */,
				E76399231B5C7BAB0077F305 /* ConfigTests.swift in Sources */,
				E76398FE1B5B434D0077F305 /* HotFeedRequestTests.swift in Sources */,
			);
			runOnlyForDeploymentPostprocessing = 0;
		};
/* End PBXSourcesBuildPhase section */

/* Begin PBXTargetDependency section */
		E7967E281B599F31007A5A59 /* PBXTargetDependency */ = {
			isa = PBXTargetDependency;
			target = E7967E1A1B599F31007A5A59 /* HatebuFeed */;
			targetProxy = E7967E271B599F31007A5A59 /* PBXContainerItemProxy */;
		};
/* End PBXTargetDependency section */

/* Begin XCBuildConfiguration section */
		E7967E2D1B599F31007A5A59 /* Debug */ = {
			isa = XCBuildConfiguration;
			buildSettings = {
				ALWAYS_SEARCH_USER_PATHS = NO;
				CLANG_CXX_LANGUAGE_STANDARD = "gnu++0x";
				CLANG_CXX_LIBRARY = "libc++";
				CLANG_ENABLE_MODULES = YES;
				CLANG_ENABLE_OBJC_ARC = YES;
				CLANG_WARN_BOOL_CONVERSION = YES;
				CLANG_WARN_CONSTANT_CONVERSION = YES;
				CLANG_WARN_DIRECT_OBJC_ISA_USAGE = YES_ERROR;
				CLANG_WARN_EMPTY_BODY = YES;
				CLANG_WARN_ENUM_CONVERSION = YES;
				CLANG_WARN_INT_CONVERSION = YES;
				CLANG_WARN_OBJC_ROOT_CLASS = YES_ERROR;
				CLANG_WARN_UNREACHABLE_CODE = YES;
				CLANG_WARN__DUPLICATE_METHOD_MATCH = YES;
				"CODE_SIGN_IDENTITY[sdk=iphoneos*]" = "iPhone Developer";
				COPY_PHASE_STRIP = NO;
				CURRENT_PROJECT_VERSION = 1;
				DEBUG_INFORMATION_FORMAT = dwarf;
				ENABLE_STRICT_OBJC_MSGSEND = YES;
				ENABLE_TESTABILITY = YES;
				GCC_C_LANGUAGE_STANDARD = gnu99;
				GCC_DYNAMIC_NO_PIC = NO;
				GCC_NO_COMMON_BLOCKS = YES;
				GCC_OPTIMIZATION_LEVEL = 0;
				GCC_PREPROCESSOR_DEFINITIONS = (
					"DEBUG=1",
					"$(inherited)",
				);
				GCC_WARN_64_TO_32_BIT_CONVERSION = YES;
				GCC_WARN_ABOUT_RETURN_TYPE = YES_ERROR;
				GCC_WARN_UNDECLARED_SELECTOR = YES;
				GCC_WARN_UNINITIALIZED_AUTOS = YES_AGGRESSIVE;
				GCC_WARN_UNUSED_FUNCTION = YES;
				GCC_WARN_UNUSED_VARIABLE = YES;
				IPHONEOS_DEPLOYMENT_TARGET = 9.0;
				MTL_ENABLE_DEBUG_INFO = YES;
				ONLY_ACTIVE_ARCH = YES;
				SDKROOT = iphoneos;
				SWIFT_OPTIMIZATION_LEVEL = "-Onone";
				TARGETED_DEVICE_FAMILY = "1,2";
				VERSIONING_SYSTEM = "apple-generic";
				VERSION_INFO_PREFIX = "";
			};
			name = Debug;
		};
		E7967E2E1B599F31007A5A59 /* Release */ = {
			isa = XCBuildConfiguration;
			buildSettings = {
				ALWAYS_SEARCH_USER_PATHS = NO;
				CLANG_CXX_LANGUAGE_STANDARD = "gnu++0x";
				CLANG_CXX_LIBRARY = "libc++";
				CLANG_ENABLE_MODULES = YES;
				CLANG_ENABLE_OBJC_ARC = YES;
				CLANG_WARN_BOOL_CONVERSION = YES;
				CLANG_WARN_CONSTANT_CONVERSION = YES;
				CLANG_WARN_DIRECT_OBJC_ISA_USAGE = YES_ERROR;
				CLANG_WARN_EMPTY_BODY = YES;
				CLANG_WARN_ENUM_CONVERSION = YES;
				CLANG_WARN_INT_CONVERSION = YES;
				CLANG_WARN_OBJC_ROOT_CLASS = YES_ERROR;
				CLANG_WARN_UNREACHABLE_CODE = YES;
				CLANG_WARN__DUPLICATE_METHOD_MATCH = YES;
				"CODE_SIGN_IDENTITY[sdk=iphoneos*]" = "iPhone Developer";
				COPY_PHASE_STRIP = NO;
				CURRENT_PROJECT_VERSION = 1;
				DEBUG_INFORMATION_FORMAT = "dwarf-with-dsym";
				ENABLE_NS_ASSERTIONS = NO;
				ENABLE_STRICT_OBJC_MSGSEND = YES;
				GCC_C_LANGUAGE_STANDARD = gnu99;
				GCC_NO_COMMON_BLOCKS = YES;
				GCC_WARN_64_TO_32_BIT_CONVERSION = YES;
				GCC_WARN_ABOUT_RETURN_TYPE = YES_ERROR;
				GCC_WARN_UNDECLARED_SELECTOR = YES;
				GCC_WARN_UNINITIALIZED_AUTOS = YES_AGGRESSIVE;
				GCC_WARN_UNUSED_FUNCTION = YES;
				GCC_WARN_UNUSED_VARIABLE = YES;
				IPHONEOS_DEPLOYMENT_TARGET = 9.0;
				MTL_ENABLE_DEBUG_INFO = NO;
				SDKROOT = iphoneos;
				TARGETED_DEVICE_FAMILY = "1,2";
				VALIDATE_PRODUCT = YES;
				VERSIONING_SYSTEM = "apple-generic";
				VERSION_INFO_PREFIX = "";
			};
			name = Release;
		};
		E7967E301B599F31007A5A59 /* Debug */ = {
			isa = XCBuildConfiguration;
			buildSettings = {
				CLANG_ENABLE_MODULES = YES;
				DEFINES_MODULE = YES;
				DYLIB_COMPATIBILITY_VERSION = 1;
				DYLIB_CURRENT_VERSION = 1;
				DYLIB_INSTALL_NAME_BASE = "@rpath";
				FRAMEWORK_SEARCH_PATHS = "$(PROJECT_DIR)/Carthage/Build/iOS/";
				INFOPLIST_FILE = HatebuFeed/Info.plist;
				INSTALL_PATH = "$(LOCAL_LIBRARY_DIR)/Frameworks";
				LD_RUNPATH_SEARCH_PATHS = "$(inherited) @executable_path/Frameworks @loader_path/Frameworks";
				PRODUCT_BUNDLE_IDENTIFIER = jp.altab.iapps.lib.HatebuFeed;
				PRODUCT_NAME = "$(TARGET_NAME)";
				SKIP_INSTALL = YES;
				SWIFT_OPTIMIZATION_LEVEL = "-Onone";
			};
			name = Debug;
		};
		E7967E311B599F31007A5A59 /* Release */ = {
			isa = XCBuildConfiguration;
			buildSettings = {
				CLANG_ENABLE_MODULES = YES;
				DEFINES_MODULE = YES;
				DYLIB_COMPATIBILITY_VERSION = 1;
				DYLIB_CURRENT_VERSION = 1;
				DYLIB_INSTALL_NAME_BASE = "@rpath";
				FRAMEWORK_SEARCH_PATHS = "$(PROJECT_DIR)/Carthage/Build/iOS/";
				INFOPLIST_FILE = HatebuFeed/Info.plist;
				INSTALL_PATH = "$(LOCAL_LIBRARY_DIR)/Frameworks";
				LD_RUNPATH_SEARCH_PATHS = "$(inherited) @executable_path/Frameworks @loader_path/Frameworks";
				PRODUCT_BUNDLE_IDENTIFIER = jp.altab.iapps.lib.HatebuFeed;
				PRODUCT_NAME = "$(TARGET_NAME)";
				SKIP_INSTALL = YES;
			};
			name = Release;
		};
		E7967E331B599F31007A5A59 /* Debug */ = {
			isa = XCBuildConfiguration;
			buildSettings = {
				FRAMEWORK_SEARCH_PATHS = "$(PROJECT_DIR)/Carthage/Build/iOS/";
				INFOPLIST_FILE = HatebuFeedTests/Info.plist;
				LD_RUNPATH_SEARCH_PATHS = "$(inherited) @executable_path/Frameworks @loader_path/Frameworks $(PROJECT_DIR)/Carthage/Build/iOS/";
				PRODUCT_BUNDLE_IDENTIFIER = jp.altab.iapps.lib.HatebuFeedTests;
				PRODUCT_NAME = "$(TARGET_NAME)";
			};
			name = Debug;
		};
		E7967E341B599F31007A5A59 /* Release */ = {
			isa = XCBuildConfiguration;
			buildSettings = {
				FRAMEWORK_SEARCH_PATHS = "$(PROJECT_DIR)/Carthage/Build/iOS/";
				INFOPLIST_FILE = HatebuFeedTests/Info.plist;
				LD_RUNPATH_SEARCH_PATHS = "$(inherited) @executable_path/Frameworks @loader_path/Frameworks $(PROJECT_DIR)/Carthage/Build/iOS/";
				PRODUCT_BUNDLE_IDENTIFIER = jp.altab.iapps.lib.HatebuFeedTests;
				PRODUCT_NAME = "$(TARGET_NAME)";
			};
			name = Release;
		};
/* End XCBuildConfiguration section */

/* Begin XCConfigurationList section */
		E7967E151B599F31007A5A59 /* Build configuration list for PBXProject "HatebuFeed" */ = {
			isa = XCConfigurationList;
			buildConfigurations = (
				E7967E2D1B599F31007A5A59 /* Debug */,
				E7967E2E1B599F31007A5A59 /* Release */,
			);
			defaultConfigurationIsVisible = 0;
			defaultConfigurationName = Release;
		};
		E7967E2F1B599F31007A5A59 /* Build configuration list for PBXNativeTarget "HatebuFeed" */ = {
			isa = XCConfigurationList;
			buildConfigurations = (
				E7967E301B599F31007A5A59 /* Debug */,
				E7967E311B599F31007A5A59 /* Release */,
			);
			defaultConfigurationIsVisible = 0;
			defaultConfigurationName = Release;
		};
		E7967E321B599F31007A5A59 /* Build configuration list for PBXNativeTarget "HatebuFeedTests" */ = {
			isa = XCConfigurationList;
			buildConfigurations = (
				E7967E331B599F31007A5A59 /* Debug */,
				E7967E341B599F31007A5A59 /* Release */,
			);
			defaultConfigurationIsVisible = 0;
			defaultConfigurationName = Release;
		};
/* End XCConfigurationList section */
	};
	rootObject = E7967E121B599F31007A5A59 /* Project object */;
}
